
Microsoft Visual Studio Solution File, Format Version 12.00
# Visual Studio Version 17
VisualStudioVersion = 17.2.32630.192
MinimumVisualStudioVersion = 10.0.40219.1
Project("{FAE04EC0-301F-11D3-BF4B-00C04F79EFBC}") = "PicturesProcessing", "PicturesProcessing\PicturesProcessing.csproj", "{055C6445-0B16-472A-ABDF-69A3EB8F02DE}"
EndProject
Global
	GlobalSection(SolutionConfigurationPlatforms) = preSolution
		Debug|Any CPU = Debug|Any CPU
		Release|Any CPU = Release|Any CPU
	EndGlobalSection
	GlobalSection(ProjectConfigurationPlatforms) = postSolution
		{055C6445-0B16-472A-ABDF-69A3EB8F02DE}.Debug|Any CPU.ActiveCfg = Debug|Any CPU
		{055C6445-0B16-472A-ABDF-69A3EB8F02DE}.Debug|Any CPU.Build.0 = Debug|Any CPU
		{055C6445-0B16-472A-ABDF-69A3EB8F02DE}.Release|Any CPU.ActiveCfg = Release|Any CPU
		{055C6445-0B16-472A-ABDF-69A3EB8F02DE}.Release|Any CPU.Build.0 = Release|Any CPU
	EndGlobalSection
	GlobalSection(SolutionProperties) = preSolution
		HideSolutionNode = FALSE
	EndGlobalSection
	GlobalSection(ExtensibilityGlobals) = postSolution
		SolutionGuid = {D30B6939-CB53-4466-BA2D-CEF94C75B9C3}
	EndGlobalSection
EndGlobal
